
Microsoft Visual Studio Solution File, Format Version 12.00
# Visual Studio Version 17
VisualStudioVersion = 17.4.33122.133
MinimumVisualStudioVersion = 10.0.40219.1
Project("{FAE04EC0-301F-11D3-BF4B-00C04F79EFBC}") = "AspNetCoreWebSocket", "AspNetCoreWebSocket\AspNetCoreWebSocket.csproj", "{613C715F-903C-4B22-BC0C-958EE6D8EE4A}"
EndProject
Global
	GlobalSection(SolutionConfigurationPlatforms) = preSolution
		Debug|Any CPU = Debug|Any CPU
		Release|Any CPU = Release|Any CPU
	EndGlobalSection
	GlobalSection(ProjectConfigurationPlatforms) = postSolution
		{613C715F-903C-4B22-BC0C-958EE6D8EE4A}.Debug|Any CPU.ActiveCfg = Debug|Any CPU
		{613C715F-903C-4B22-BC0C-958EE6D8EE4A}.Debug|Any CPU.Build.0 = Debug|Any CPU
		{613C715F-903C-4B22-BC0C-958EE6D8EE4A}.Release|Any CPU.ActiveCfg = Release|Any CPU
		{613C715F-903C-4B22-BC0C-958EE6D8EE4A}.Release|Any CPU.Build.0 = Release|Any CPU
	EndGlobalSection
	GlobalSection(SolutionProperties) = preSolution
		HideSolutionNode = FALSE
	EndGlobalSection
	GlobalSection(ExtensibilityGlobals) = postSolution
		SolutionGuid = {BD3ACE7E-38CF-4D8F-836A-DAEC14522963}
	EndGlobalSection
EndGlobal
